{
  "nodes": {
    "clanlib": {
      "inputs": {
        "flake-utils": [
          "flake-utils"
        ],
        "nixpkgs": [
          "nixpkgs"
        ]
      },
      "locked": {
        "lastModified": 1654006334,
        "narHash": "sha256-kdRlUKffBXNGPbNsaBYGh6jK62vIuN2TCjg6u2u444g=",
        "owner": "grumbel",
        "repo": "clanlib-1.0",
        "rev": "393c23cce9f16d4d5097ae8196f2612f93ed99ee",
        "type": "github"
      },
      "original": {
        "owner": "grumbel",
        "repo": "clanlib-1.0",
        "type": "github"
      }
    },
    "flake-utils": {
      "locked": {
        "lastModified": 1653893745,
        "narHash": "sha256-0jntwV3Z8//YwuOjzhV2sgJJPt+HY6KhU7VZUL0fKZQ=",
        "owner": "numtide",
        "repo": "flake-utils",
        "rev": "1ed9fb1935d260de5fe1c2f7ee0ebaae17ed2fa1",
        "type": "github"
      },
      "original": {
        "owner": "numtide",
        "repo": "flake-utils",
        "type": "github"
      }
    },
    "nixpkgs": {
      "locked": {
        "lastModified": 1651153234,
        "narHash": "sha256-Inm+o6a8N7R4cY62IryHgwdO9oJgYE6ULhhS8icpNqY=",
        "owner": "grumbel",
        "repo": "nixpkgs",
        "rev": "2bd3cb67b76e404b11ee20700e2f97d716a71ec9",
        "type": "github"
      },
      "original": {
        "owner": "grumbel",
        "ref": "fix-guile-3.0",
        "repo": "nixpkgs",
        "type": "github"
      }
    },
    "root": {
      "inputs": {
        "clanlib": "clanlib",
        "flake-utils": "flake-utils",
        "nixpkgs": "nixpkgs",
        "tinycmmc": "tinycmmc"
      }
    },
    "tinycmmc": {
      "inputs": {
        "flake-utils": [
          "flake-utils"
        ],
        "nixpkgs": [
          "nixpkgs"
        ]
      },
      "locked": {
        "lastModified": 1655486534,
        "narHash": "sha256-JZ6Rte5P36g5qVg7mz/Wd3mtNCIfk2n0+cjUXJ0Fo3A=",
        "owner": "grumbel",
        "repo": "tinycmmc",
        "rev": "32eaa5ba4edacf58d199cc0bb97800ed528f7279",
        "type": "github"
      },
      "original": {
        "owner": "grumbel",
        "repo": "tinycmmc",
        "type": "github"
      }
    }
  },
  "root": "root",
  "version": 7
}
